
Microsoft Visual Studio Solution File, Format Version 12.00
# Visual Studio Version 16
VisualStudioVersion = 16.0.30717.126
MinimumVisualStudioVersion = 10.0.40219.1
Project("{FAE04EC0-301F-11D3-BF4B-00C04F79EFBC}") = "MyProfiles", "MyProfiles.csproj", "{BEC640D2-F00C-406F-9092-06FAEF811092}"
EndProject
Global
	GlobalSection(SolutionConfigurationPlatforms) = preSolution
		Debug|Any CPU = Debug|Any CPU
		Release|Any CPU = Release|Any CPU
	EndGlobalSection
	GlobalSection(ProjectConfigurationPlatforms) = postSolution
		{BEC640D2-F00C-406F-9092-06FAEF811092}.Debug|Any CPU.ActiveCfg = Debug|Any CPU
		{BEC640D2-F00C-406F-9092-06FAEF811092}.Debug|Any CPU.Build.0 = Debug|Any CPU
		{BEC640D2-F00C-406F-9092-06FAEF811092}.Release|Any CPU.ActiveCfg = Release|Any CPU
		{BEC640D2-F00C-406F-9092-06FAEF811092}.Release|Any CPU.Build.0 = Release|Any CPU
	EndGlobalSection
	GlobalSection(SolutionProperties) = preSolution
		HideSolutionNode = FALSE
	EndGlobalSection
	GlobalSection(ExtensibilityGlobals) = postSolution
		SolutionGuid = {42455CB7-0F9F-4317-8A7A-90E98C688FF5}
	EndGlobalSection
EndGlobal
